
Microsoft Visual Studio Solution File, Format Version 12.00
# Visual Studio Version 17
VisualStudioVersion = 17.0.31903.59
MinimumVisualStudioVersion = 10.0.40219.1
Project("{9A19103F-16F7-4668-BE54-9A1E7A4F7556}") = "Demo.Console", "Demo.Console\Demo.Console.csproj", "{68BDD714-C248-4608-A53B-E446A0FF3BD7}"
EndProject
Project("{2150E333-8FDC-42A3-9474-1A3956D46DE8}") = "Config", "Config", "{0D9545E2-B0E0-4F57-9FED-C0A978EE793B}"
	ProjectSection(SolutionItems) = preProject
		docker-compose.yml = docker-compose.yml
		script.sql = script.sql
	EndProjectSection
EndProject
Global
	GlobalSection(SolutionConfigurationPlatforms) = preSolution
		Debug|Any CPU = Debug|Any CPU
		Release|Any CPU = Release|Any CPU
	EndGlobalSection
	GlobalSection(ProjectConfigurationPlatforms) = postSolution
		{68BDD714-C248-4608-A53B-E446A0FF3BD7}.Debug|Any CPU.ActiveCfg = Debug|Any CPU
		{68BDD714-C248-4608-A53B-E446A0FF3BD7}.Debug|Any CPU.Build.0 = Debug|Any CPU
		{68BDD714-C248-4608-A53B-E446A0FF3BD7}.Release|Any CPU.ActiveCfg = Release|Any CPU
		{68BDD714-C248-4608-A53B-E446A0FF3BD7}.Release|Any CPU.Build.0 = Release|Any CPU
	EndGlobalSection
	GlobalSection(SolutionProperties) = preSolution
		HideSolutionNode = FALSE
	EndGlobalSection
	GlobalSection(ExtensibilityGlobals) = postSolution
		SolutionGuid = {CB52C108-312F-406F-8FD8-FD2C0AF9DBD3}
	EndGlobalSection
EndGlobal
